lockfileVersion: 5.3

specifiers:
  '@date-io/date-fns': ^2.13.1
  '@date-io/dayjs': ^2.13.1
  '@date-io/luxon': ^2.13.1
  '@date-io/moment': ^2.13.1

dependencies:
  '@date-io/date-fns': 2.13.1
  '@date-io/dayjs': 2.13.1
  '@date-io/luxon': 2.13.1
  '@date-io/moment': 2.13.1

packages:

  /@date-io/core/2.13.1:
    resolution: {integrity: sha512-pVI9nfkf2qClb2Cxdq0Q4zJhdawMG4ybWZUVGifT78FDwzRMX2SwXBb55s5NRJk0HcIicDuxktmCtemZqMH1Zg==}
    dev: false

  /@date-io/date-fns/2.13.1:
    resolution: {integrity: sha512-8fmfwjiLMpFLD+t4NBwDx0eblWnNcgt4NgfT/uiiQTGI81fnPu9tpBMYdAcuWxaV7LLpXgzLBx1SYWAMDVUDQQ==}
    peerDependencies:
      date-fns: ^2.0.0
    peerDependenciesMeta:
      date-fns:
        optional: true
    dependencies:
      '@date-io/core': 2.13.1
    dev: false

  /@date-io/dayjs/2.13.1:
    resolution: {integrity: sha512-5bL4WWWmlI4uGZVScANhHJV7Mjp93ec2gNeUHDqqLaMZhp51S0NgD25oqj/k0LqBn1cdU2MvzNpk/ObMmVv5cQ==}
    peerDependencies:
      dayjs: ^1.8.17
    peerDependenciesMeta:
      dayjs:
        optional: true
    dependencies:
      '@date-io/core': 2.13.1
    dev: false

  /@date-io/luxon/2.13.1:
    resolution: {integrity: sha512-yG+uM7lXfwLyKKEwjvP8oZ7qblpmfl9gxQYae55ifbwiTs0CoCTkYkxEaQHGkYtTqGTzLqcb0O9Pzx6vgWg+yg==}
    peerDependencies:
      luxon: ^1.21.3 || ^2.x
    peerDependenciesMeta:
      luxon:
        optional: true
    dependencies:
      '@date-io/core': 2.13.1
    dev: false

  /@date-io/moment/2.13.1:
    resolution: {integrity: sha512-XX1X/Tlvl3TdqQy2j0ZUtEJV6Rl8tOyc5WOS3ki52He28Uzme4Ro/JuPWTMBDH63weSWIZDlbR7zBgp3ZA2y1A==}
    peerDependencies:
      moment: ^2.24.0
    peerDependenciesMeta:
      moment:
        optional: true
    dependencies:
      '@date-io/core': 2.13.1
    dev: false
